
Microsoft Visual Studio Solution File, Format Version 12.00
# Visual Studio Version 17
VisualStudioVersion = 17.9.34728.123
MinimumVisualStudioVersion = 10.0.40219.1
Project("{9A19103F-16F7-4668-BE54-9A1E7A4F7556}") = "WpfTutorial1", "WpfTutorial1\WpfTutorial1.csproj", "{2C3B9DEF-BC2D-4AA4-8AE3-23F977168FEF}"
EndProject
Project("{9A19103F-16F7-4668-BE54-9A1E7A4F7556}") = "WpfTutorial2", "WpfTutorial2\WpfTutorial2.csproj", "{174C3094-86F7-48CC-B30C-77AE04110815}"
EndProject
Project("{9A19103F-16F7-4668-BE54-9A1E7A4F7556}") = "GridControl", "GridControl\GridControl.csproj", "{76B9C458-DA9B-49C6-91DF-9A780D8DA11B}"
EndProject
Project("{9A19103F-16F7-4668-BE54-9A1E7A4F7556}") = "CustomUserControls", "CustomUserControls\CustomUserControls.csproj", "{74D37185-09D4-46D8-A2B7-907563712E62}"
EndProject
Project("{9A19103F-16F7-4668-BE54-9A1E7A4F7556}") = "CustomTextBoxControl", "CustomTextBoxControl\CustomTextBoxControl.csproj", "{26E0D2DB-A307-4C63-8C87-325388AE792C}"
EndProject
Project("{9A19103F-16F7-4668-BE54-9A1E7A4F7556}") = "INotifyPropertyChangedTutorial", "INotifyPropertyChangedTutorial\INotifyPropertyChangedTutorial.csproj", "{750E7D14-B058-4B63-9CA6-30C294EBD115}"
EndProject
Project("{9A19103F-16F7-4668-BE54-9A1E7A4F7556}") = "MessageBoxTutorial", "MessageBoxTutorial\MessageBoxTutorial.csproj", "{D2180838-9883-4D3F-8D21-D76C8DB1AE93}"
EndProject
Project("{9A19103F-16F7-4668-BE54-9A1E7A4F7556}") = "OpenFileDialogTutorial", "OpenFileDialogTutorial\OpenFileDialogTutorial.csproj", "{894396C4-BA80-455D-B213-516465F12590}"
EndProject
Project("{9A19103F-16F7-4668-BE54-9A1E7A4F7556}") = "WpfTutorial", "..\WpfTutorial\WpfTutorial.csproj", "{13CD1B19-E01D-4F38-81D5-2217F2893D14}"
EndProject
Global
	GlobalSection(SolutionConfigurationPlatforms) = preSolution
		Debug|Any CPU = Debug|Any CPU
		Release|Any CPU = Release|Any CPU
	EndGlobalSection
	GlobalSection(ProjectConfigurationPlatforms) = postSolution
		{2C3B9DEF-BC2D-4AA4-8AE3-23F977168FEF}.Debug|Any CPU.ActiveCfg = Debug|Any CPU
		{2C3B9DEF-BC2D-4AA4-8AE3-23F977168FEF}.Debug|Any CPU.Build.0 = Debug|Any CPU
		{2C3B9DEF-BC2D-4AA4-8AE3-23F977168FEF}.Release|Any CPU.ActiveCfg = Release|Any CPU
		{2C3B9DEF-BC2D-4AA4-8AE3-23F977168FEF}.Release|Any CPU.Build.0 = Release|Any CPU
		{174C3094-86F7-48CC-B30C-77AE04110815}.Debug|Any CPU.ActiveCfg = Debug|Any CPU
		{174C3094-86F7-48CC-B30C-77AE04110815}.Debug|Any CPU.Build.0 = Debug|Any CPU
		{174C3094-86F7-48CC-B30C-77AE04110815}.Release|Any CPU.ActiveCfg = Release|Any CPU
		{174C3094-86F7-48CC-B30C-77AE04110815}.Release|Any CPU.Build.0 = Release|Any CPU
		{76B9C458-DA9B-49C6-91DF-9A780D8DA11B}.Debug|Any CPU.ActiveCfg = Debug|Any CPU
		{76B9C458-DA9B-49C6-91DF-9A780D8DA11B}.Debug|Any CPU.Build.0 = Debug|Any CPU
		{76B9C458-DA9B-49C6-91DF-9A780D8DA11B}.Release|Any CPU.ActiveCfg = Release|Any CPU
		{76B9C458-DA9B-49C6-91DF-9A780D8DA11B}.Release|Any CPU.Build.0 = Release|Any CPU
		{74D37185-09D4-46D8-A2B7-907563712E62}.Debug|Any CPU.ActiveCfg = Debug|Any CPU
		{74D37185-09D4-46D8-A2B7-907563712E62}.Debug|Any CPU.Build.0 = Debug|Any CPU
		{74D37185-09D4-46D8-A2B7-907563712E62}.Release|Any CPU.ActiveCfg = Release|Any CPU
		{74D37185-09D4-46D8-A2B7-907563712E62}.Release|Any CPU.Build.0 = Release|Any CPU
		{26E0D2DB-A307-4C63-8C87-325388AE792C}.Debug|Any CPU.ActiveCfg = Debug|Any CPU
		{26E0D2DB-A307-4C63-8C87-325388AE792C}.Debug|Any CPU.Build.0 = Debug|Any CPU
		{26E0D2DB-A307-4C63-8C87-325388AE792C}.Release|Any CPU.ActiveCfg = Release|Any CPU
		{26E0D2DB-A307-4C63-8C87-325388AE792C}.Release|Any CPU.Build.0 = Release|Any CPU
		{750E7D14-B058-4B63-9CA6-30C294EBD115}.Debug|Any CPU.ActiveCfg = Debug|Any CPU
		{750E7D14-B058-4B63-9CA6-30C294EBD115}.Debug|Any CPU.Build.0 = Debug|Any CPU
		{750E7D14-B058-4B63-9CA6-30C294EBD115}.Release|Any CPU.ActiveCfg = Release|Any CPU
		{750E7D14-B058-4B63-9CA6-30C294EBD115}.Release|Any CPU.Build.0 = Release|Any CPU
		{D2180838-9883-4D3F-8D21-D76C8DB1AE93}.Debug|Any CPU.ActiveCfg = Debug|Any CPU
		{D2180838-9883-4D3F-8D21-D76C8DB1AE93}.Debug|Any CPU.Build.0 = Debug|Any CPU
		{D2180838-9883-4D3F-8D21-D76C8DB1AE93}.Release|Any CPU.ActiveCfg = Release|Any CPU
		{D2180838-9883-4D3F-8D21-D76C8DB1AE93}.Release|Any CPU.Build.0 = Release|Any CPU
		{894396C4-BA80-455D-B213-516465F12590}.Debug|Any CPU.ActiveCfg = Debug|Any CPU
		{894396C4-BA80-455D-B213-516465F12590}.Debug|Any CPU.Build.0 = Debug|Any CPU
		{894396C4-BA80-455D-B213-516465F12590}.Release|Any CPU.ActiveCfg = Release|Any CPU
		{894396C4-BA80-455D-B213-516465F12590}.Release|Any CPU.Build.0 = Release|Any CPU
		{13CD1B19-E01D-4F38-81D5-2217F2893D14}.Debug|Any CPU.ActiveCfg = Debug|Any CPU
		{13CD1B19-E01D-4F38-81D5-2217F2893D14}.Debug|Any CPU.Build.0 = Debug|Any CPU
		{13CD1B19-E01D-4F38-81D5-2217F2893D14}.Release|Any CPU.ActiveCfg = Release|Any CPU
		{13CD1B19-E01D-4F38-81D5-2217F2893D14}.Release|Any CPU.Build.0 = Release|Any CPU
	EndGlobalSection
	GlobalSection(SolutionProperties) = preSolution
		HideSolutionNode = FALSE
	EndGlobalSection
	GlobalSection(ExtensibilityGlobals) = postSolution
		SolutionGuid = {EAE4C296-EA8B-41A2-ACCD-695B17141FE4}
	EndGlobalSection
EndGlobal
